
Microsoft Visual Studio Solution File, Format Version 12.00
# Visual Studio 2013
VisualStudioVersion = 12.0.30723.0
MinimumVisualStudioVersion = 10.0.40219.1
Project("{FAE04EC0-301F-11D3-BF4B-00C04F79EFBC}") = "Quiron.LojaVirtual.Dominio", "Quiron.LojaVirtual.Dominio\Quiron.LojaVirtual.Dominio.csproj", "{412C384B-F742-4169-8307-2D5B1C98CBA8}"
EndProject
Project("{FAE04EC0-301F-11D3-BF4B-00C04F79EFBC}") = "Quiron.LojaVirtual.Web", "Quiron.LojaVirtual.Web\Quiron.LojaVirtual.Web.csproj", "{F565071A-9CD6-40EF-A377-AEADEA8456FC}"
EndProject
Project("{FAE04EC0-301F-11D3-BF4B-00C04F79EFBC}") = "Quiron.LojaVirtual.Test", "Quiron.LojaVirtual.Test\Quiron.LojaVirtual.Test.csproj", "{F19BA3F1-2BEB-4371-9228-31E74ECD7D7A}"
EndProject
Global
	GlobalSection(SolutionConfigurationPlatforms) = preSolution
		Debug|Any CPU = Debug|Any CPU
		Release|Any CPU = Release|Any CPU
	EndGlobalSection
	GlobalSection(ProjectConfigurationPlatforms) = postSolution
		{412C384B-F742-4169-8307-2D5B1C98CBA8}.Debug|Any CPU.ActiveCfg = Debug|Any CPU
		{412C384B-F742-4169-8307-2D5B1C98CBA8}.Debug|Any CPU.Build.0 = Debug|Any CPU
		{412C384B-F742-4169-8307-2D5B1C98CBA8}.Release|Any CPU.ActiveCfg = Release|Any CPU
		{412C384B-F742-4169-8307-2D5B1C98CBA8}.Release|Any CPU.Build.0 = Release|Any CPU
		{F565071A-9CD6-40EF-A377-AEADEA8456FC}.Debug|Any CPU.ActiveCfg = Debug|Any CPU
		{F565071A-9CD6-40EF-A377-AEADEA8456FC}.Debug|Any CPU.Build.0 = Debug|Any CPU
		{F565071A-9CD6-40EF-A377-AEADEA8456FC}.Release|Any CPU.ActiveCfg = Release|Any CPU
		{F565071A-9CD6-40EF-A377-AEADEA8456FC}.Release|Any CPU.Build.0 = Release|Any CPU
		{F19BA3F1-2BEB-4371-9228-31E74ECD7D7A}.Debug|Any CPU.ActiveCfg = Debug|Any CPU
		{F19BA3F1-2BEB-4371-9228-31E74ECD7D7A}.Debug|Any CPU.Build.0 = Debug|Any CPU
		{F19BA3F1-2BEB-4371-9228-31E74ECD7D7A}.Release|Any CPU.ActiveCfg = Release|Any CPU
		{F19BA3F1-2BEB-4371-9228-31E74ECD7D7A}.Release|Any CPU.Build.0 = Release|Any CPU
	EndGlobalSection
	GlobalSection(SolutionProperties) = preSolution
		HideSolutionNode = FALSE
	EndGlobalSection
EndGlobal
